// !$*UTF8*$!
{
	archiveVersion = 1;
	classes = {
	};
	objectVersion = 48;
	objects = {

/* Begin PBXBuildFile section */
		02D305DD20913974002C0152 /* AppDelegate.swift in Sources */ = {isa = PBXBuildFile; fileRef = 02D305DC20913974002C0152 /* AppDelegate.swift */; };
		02D305DF20913974002C0152 /* ViewController.swift in Sources */ = {isa = PBXBuildFile; fileRef = 02D305DE20913974002C0152 /* ViewController.swift */; };
		02D305E220913974002C0152 /* Main.storyboard in Resources */ = {isa = PBXBuildFile; fileRef = 02D305E020913974002C0152 /* Main.storyboard */; };
		02D305E420913974002C0152 /* Assets.xcassets in Resources */ = {isa = PBXBuildFile; fileRef = 02D305E320913974002C0152 /* Assets.xcassets */; };
		02D305E720913974002C0152 /* LaunchScreen.storyboard in Resources */ = {isa = PBXBuildFile; fileRef = 02D305E520913974002C0152 /* LaunchScreen.storyboard */; };
		02D305EF20913B91002C0152 /* gitignore in Sources */ = {isa = PBXBuildFile; fileRef = 02D305EE20913B91002C0152 /* gitignore */; };
		02D305F120913EC5002C0152 /* Podfile in Resources */ = {isa = PBXBuildFile; fileRef = 02D305F020913EC4002C0152 /* Podfile */; };
		02D305F320913F33002C0152 /* note in Resources */ = {isa = PBXBuildFile; fileRef = 02D305F220913F33002C0152 /* note */; };
		02E9DFB02091E3D700925FFD /* GoogleService-Info.plist in Resources */ = {isa = PBXBuildFile; fileRef = 02E9DFAF2091E3D700925FFD /* GoogleService-Info.plist */; };
		7DB6A972D8317AE6D0CAB00F /* Pods_guya.framework in Frameworks */ = {isa = PBXBuildFile; fileRef = E26C19B0397A3DF70A6BF522 /* Pods_guya.framework */; };
/* End PBXBuildFile section */

/* Begin PBXFileReference section */
		02D305D920913973002C0152 /* guya.app */ = {isa = PBXFileReference; explicitFileType = wrapper.application; includeInIndex = 0; path = guya.app; sourceTree = BUILT_PRODUCTS_DIR; };
		02D305DC20913974002C0152 /* AppDelegate.swift */ = {isa = PBXFileReference; lastKnownFileType = sourcecode.swift; path = AppDelegate.swift; sourceTree = "<group>"; };
		02D305DE20913974002C0152 /* ViewController.swift */ = {isa = PBXFileReference; lastKnownFileType = sourcecode.swift; path = ViewController.swift; sourceTree = "<group>"; };
		02D305E120913974002C0152 /* Base */ = {isa = PBXFileReference; lastKnownFileType = file.storyboard; name = Base; path = Base.lproj/Main.storyboard; sourceTree = "<group>"; };
		02D305E320913974002C0152 /* Assets.xcassets */ = {isa = PBXFileReference; lastKnownFileType = folder.assetcatalog; path = Assets.xcassets; sourceTree = "<group>"; };
		02D305E620913974002C0152 /* Base */ = {isa = PBXFileReference; lastKnownFileType = file.storyboard; name = Base; path = Base.lproj/LaunchScreen.storyboard; sourceTree = "<group>"; };
		02D305E820913974002C0152 /* Info.plist */ = {isa = PBXFileReference; lastKnownFileType = text.plist.xml; path = Info.plist; sourceTree = "<group>"; };
		02D305EE20913B91002C0152 /* gitignore */ = {isa = PBXFileReference; lastKnownFileType = text; path = gitignore; sourceTree = "<group>"; };
		02D305F020913EC4002C0152 /* Podfile */ = {isa = PBXFileReference; fileEncoding = 4; lastKnownFileType = text; path = Podfile; sourceTree = "<group>"; xcLanguageSpecificationIdentifier = xcode.lang.ruby; };
		02D305F220913F33002C0152 /* note */ = {isa = PBXFileReference; lastKnownFileType = text; path = note; sourceTree = "<group>"; };
		02E9DFAF2091E3D700925FFD /* GoogleService-Info.plist */ = {isa = PBXFileReference; fileEncoding = 4; lastKnownFileType = text.plist.xml; path = "GoogleService-Info.plist"; sourceTree = "<group>"; };
		99F41551DD130EDC142F618D /* Pods-guya.debug.xcconfig */ = {isa = PBXFileReference; includeInIndex = 1; lastKnownFileType = text.xcconfig; name = "Pods-guya.debug.xcconfig"; path = "Pods/Target Support Files/Pods-guya/Pods-guya.debug.xcconfig"; sourceTree = "<group>"; };
		BEF55B1802EA6AD225B30E1A /* Pods-guya.release.xcconfig */ = {isa = PBXFileReference; includeInIndex = 1; lastKnownFileType = text.xcconfig; name = "Pods-guya.release.xcconfig"; path = "Pods/Target Support Files/Pods-guya/Pods-guya.release.xcconfig"; sourceTree = "<group>"; };
		E26C19B0397A3DF70A6BF522 /* Pods_guya.framework */ = {isa = PBXFileReference; explicitFileType = wrapper.framework; includeInIndex = 0; path = Pods_guya.framework; sourceTree = BUILT_PRODUCTS_DIR; };
/* End PBXFileReference section */

/* Begin PBXFrameworksBuildPhase section */
		02D305D620913973002C0152 /* Frameworks */ = {
			isa = PBXFrameworksBuildPhase;
			buildActionMask = 2147483647;
			files = (
				7DB6A972D8317AE6D0CAB00F /* Pods_guya.framework in Frameworks */,
			);
			runOnlyForDeploymentPostprocessing = 0;
		};
/* End PBXFrameworksBuildPhase section */

/* Begin PBXGroup section */
		02D305D020913973002C0152 = {
			isa = PBXGroup;
			children = (
				02D305F220913F33002C0152 /* note */,
				02D305F020913EC4002C0152 /* Podfile */,
				02D305DB20913974002C0152 /* guya */,
				02D305DA20913973002C0152 /* Products */,
				A253F4A8370322D1CDEB05A3 /* Pods */,
				B9C45089E4FCAC6D5A33F8A4 /* Frameworks */,
			);
			sourceTree = "<group>";
		};
		02D305DA20913973002C0152 /* Products */ = {
			isa = PBXGroup;
			children = (
				02D305D920913973002C0152 /* guya.app */,
			);
			name = Products;
			sourceTree = "<group>";
		};
		02D305DB20913974002C0152 /* guya */ = {
			isa = PBXGroup;
			children = (
				02E9DFAF2091E3D700925FFD /* GoogleService-Info.plist */,
				02D305DC20913974002C0152 /* AppDelegate.swift */,
				02D305DE20913974002C0152 /* ViewController.swift */,
				02D305E020913974002C0152 /* Main.storyboard */,
				02D305E320913974002C0152 /* Assets.xcassets */,
				02D305E520913974002C0152 /* LaunchScreen.storyboard */,
				02D305E820913974002C0152 /* Info.plist */,
				02D305EE20913B91002C0152 /* gitignore */,
			);
			path = guya;
			sourceTree = "<group>";
		};
		A253F4A8370322D1CDEB05A3 /* Pods */ = {
			isa = PBXGroup;
			children = (
				99F41551DD130EDC142F618D /* Pods-guya.debug.xcconfig */,
				BEF55B1802EA6AD225B30E1A /* Pods-guya.release.xcconfig */,
			);
			name = Pods;
			sourceTree = "<group>";
		};
		B9C45089E4FCAC6D5A33F8A4 /* Frameworks */ = {
			isa = PBXGroup;
			children = (
				E26C19B0397A3DF70A6BF522 /* Pods_guya.framework */,
			);
			name = Frameworks;
			sourceTree = "<group>";
		};
/* End PBXGroup section */

/* Begin PBXNativeTarget section */
		02D305D820913973002C0152 /* guya */ = {
			isa = PBXNativeTarget;
			buildConfigurationList = 02D305EB20913974002C0152 /* Build configuration list for PBXNativeTarget "guya" */;
			buildPhases = (
				426FC17989EA8E34208C786B /* [CP] Check Pods Manifest.lock */,
				02D305D520913973002C0152 /* Sources */,
				02D305D620913973002C0152 /* Frameworks */,
				02D305D720913973002C0152 /* Resources */,
				A82C089A4852B139AEDABE93 /* [CP] Embed Pods Frameworks */,
			);
			buildRules = (
			);
			dependencies = (
			);
			name = guya;
			productName = guya;
			productReference = 02D305D920913973002C0152 /* guya.app */;
			productType = "com.apple.product-type.application";
		};
/* End PBXNativeTarget section */

/* Begin PBXProject section */
		02D305D120913973002C0152 /* Project object */ = {
			isa = PBXProject;
			attributes = {
				LastSwiftUpdateCheck = 0920;
				LastUpgradeCheck = 0920;
				ORGANIZATIONNAME = "Yusuf Tezel";
				TargetAttributes = {
					02D305D820913973002C0152 = {
						CreatedOnToolsVersion = 9.2;
						LastSwiftMigration = 0920;
						ProvisioningStyle = Automatic;
					};
				};
			};
			buildConfigurationList = 02D305D420913973002C0152 /* Build configuration list for PBXProject "guya" */;
			compatibilityVersion = "Xcode 8.0";
			developmentRegion = en;
			hasScannedForEncodings = 0;
			knownRegions = (
				en,
				Base,
			);
			mainGroup = 02D305D020913973002C0152;
			productRefGroup = 02D305DA20913973002C0152 /* Products */;
			projectDirPath = "";
			projectRoot = "";
			targets = (
				02D305D820913973002C0152 /* guya */,
			);
		};
/* End PBXProject section */

/* Begin PBXResourcesBuildPhase section */
		02D305D720913973002C0152 /* Resources */ = {
			isa = PBXResourcesBuildPhase;
			buildActionMask = 2147483647;
			files = (
				02D305E720913974002C0152 /* LaunchScreen.storyboard in Resources */,
				02D305E420913974002C0152 /* Assets.xcassets in Resources */,
				02D305F120913EC5002C0152 /* Podfile in Resources */,
				02D305E220913974002C0152 /* Main.storyboard in Resources */,
				02D305F320913F33002C0152 /* note in Resources */,
				02E9DFB02091E3D700925FFD /* GoogleService-Info.plist in Resources */,
			);
			runOnlyForDeploymentPostprocessing = 0;
		};
/* End PBXResourcesBuildPhase section */

/* Begin PBXShellScriptBuildPhase section */
		426FC17989EA8E34208C786B /* [CP] Check Pods Manifest.lock */ = {
			isa = PBXShellScriptBuildPhase;
			buildActionMask = 2147483647;
			files = (
			);
			inputPaths = (
				"${PODS_PODFILE_DIR_PATH}/Podfile.lock",
				"${PODS_ROOT}/Manifest.lock",
			);
			name = "[CP] Check Pods Manifest.lock";
			outputPaths = (
				"$(DERIVED_FILE_DIR)/Pods-guya-checkManifestLockResult.txt",
			);
			runOnlyForDeploymentPostprocessing = 0;
			shellPath = /bin/sh;
			shellScript = "diff \"${PODS_PODFILE_DIR_PATH}/Podfile.lock\" \"${PODS_ROOT}/Manifest.lock\" > /dev/null\nif [ $? != 0 ] ; then\n    # print error to STDERR\n    echo \"error: The sandbox is not in sync with the Podfile.lock. Run 'pod install' or update your CocoaPods installation.\" >&2\n    exit 1\nfi\n# This output is used by Xcode 'outputs' to avoid re-running this script phase.\necho \"SUCCESS\" > \"${SCRIPT_OUTPUT_FILE_0}\"\n";
			showEnvVarsInLog = 0;
		};
		A82C089A4852B139AEDABE93 /* [CP] Embed Pods Frameworks */ = {
			isa = PBXShellScriptBuildPhase;
			buildActionMask = 2147483647;
			files = (
			);
			inputPaths = (
				"${SRCROOT}/Pods/Target Support Files/Pods-guya/Pods-guya-frameworks.sh",
				"${BUILT_PRODUCTS_DIR}/BoringSSL/openssl.framework",
				"${BUILT_PRODUCTS_DIR}/GTMSessionFetcher/GTMSessionFetcher.framework",
				"${BUILT_PRODUCTS_DIR}/GoogleToolboxForMac/GoogleToolboxForMac.framework",
				"${BUILT_PRODUCTS_DIR}/Protobuf/Protobuf.framework",
				"${BUILT_PRODUCTS_DIR}/gRPC/GRPCClient.framework",
				"${BUILT_PRODUCTS_DIR}/gRPC-Core/grpc.framework",
				"${BUILT_PRODUCTS_DIR}/gRPC-ProtoRPC/ProtoRPC.framework",
				"${BUILT_PRODUCTS_DIR}/gRPC-RxLibrary/RxLibrary.framework",
				"${BUILT_PRODUCTS_DIR}/leveldb-library/leveldb.framework",
				"${BUILT_PRODUCTS_DIR}/nanopb/nanopb.framework",
			);
			name = "[CP] Embed Pods Frameworks";
			outputPaths = (
				"${TARGET_BUILD_DIR}/${FRAMEWORKS_FOLDER_PATH}/openssl.framework",
				"${TARGET_BUILD_DIR}/${FRAMEWORKS_FOLDER_PATH}/GTMSessionFetcher.framework",
				"${TARGET_BUILD_DIR}/${FRAMEWORKS_FOLDER_PATH}/GoogleToolboxForMac.framework",
				"${TARGET_BUILD_DIR}/${FRAMEWORKS_FOLDER_PATH}/Protobuf.framework",
				"${TARGET_BUILD_DIR}/${FRAMEWORKS_FOLDER_PATH}/GRPCClient.framework",
				"${TARGET_BUILD_DIR}/${FRAMEWORKS_FOLDER_PATH}/grpc.framework",
				"${TARGET_BUILD_DIR}/${FRAMEWORKS_FOLDER_PATH}/ProtoRPC.framework",
				"${TARGET_BUILD_DIR}/${FRAMEWORKS_FOLDER_PATH}/RxLibrary.framework",
				"${TARGET_BUILD_DIR}/${FRAMEWORKS_FOLDER_PATH}/leveldb.framework",
				"${TARGET_BUILD_DIR}/${FRAMEWORKS_FOLDER_PATH}/nanopb.framework",
			);
			runOnlyForDeploymentPostprocessing = 0;
			shellPath = /bin/sh;
			shellScript = "\"${SRCROOT}/Pods/Target Support Files/Pods-guya/Pods-guya-frameworks.sh\"\n";
			showEnvVarsInLog = 0;
		};
/* End PBXShellScriptBuildPhase section */

/* Begin PBXSourcesBuildPhase section */
		02D305D520913973002C0152 /* Sources */ = {
			isa = PBXSourcesBuildPhase;
			buildActionMask = 2147483647;
			files = (
				02D305DF20913974002C0152 /* ViewController.swift in Sources */,
				02D305DD20913974002C0152 /* AppDelegate.swift in Sources */,
				02D305EF20913B91002C0152 /* gitignore in Sources */,
			);
			runOnlyForDeploymentPostprocessing = 0;
		};
/* End PBXSourcesBuildPhase section */

/* Begin PBXVariantGroup section */
		02D305E020913974002C0152 /* Main.storyboard */ = {
			isa = PBXVariantGroup;
			children = (
				02D305E120913974002C0152 /* Base */,
			);
			name = Main.storyboard;
			sourceTree = "<group>";
		};
		02D305E520913974002C0152 /* LaunchScreen.storyboard */ = {
			isa = PBXVariantGroup;
			children = (
				02D305E620913974002C0152 /* Base */,
			);
			name = LaunchScreen.storyboard;
			sourceTree = "<group>";
		};
/* End PBXVariantGroup section */

/* Begin XCBuildConfiguration section */
		02D305E920913974002C0152 /* Debug */ = {
			isa = XCBuildConfiguration;
			buildSettings = {
				ALWAYS_SEARCH_USER_PATHS = NO;
				CLANG_ANALYZER_NONNULL = YES;
				CLANG_ANALYZER_NUMBER_OBJECT_CONVERSION = YES_AGGRESSIVE;
				CLANG_CXX_LANGUAGE_STANDARD = "gnu++14";
				CLANG_CXX_LIBRARY = "libc++";
				CLANG_ENABLE_MODULES = YES;
				CLANG_ENABLE_OBJC_ARC = YES;
				CLANG_WARN_BLOCK_CAPTURE_AUTORELEASING = YES;
				CLANG_WARN_BOOL_CONVERSION = YES;
				CLANG_WARN_COMMA = YES;
				CLANG_WARN_CONSTANT_CONVERSION = YES;
				CLANG_WARN_DIRECT_OBJC_ISA_USAGE = YES_ERROR;
				CLANG_WARN_DOCUMENTATION_COMMENTS = YES;
				CLANG_WARN_EMPTY_BODY = YES;
				CLANG_WARN_ENUM_CONVERSION = YES;
				CLANG_WARN_INFINITE_RECURSION = YES;
				CLANG_WARN_INT_CONVERSION = YES;
				CLANG_WARN_NON_LITERAL_NULL_CONVERSION = YES;
				CLANG_WARN_OBJC_LITERAL_CONVERSION = YES;
				CLANG_WARN_OBJC_ROOT_CLASS = YES_ERROR;
				CLANG_WARN_RANGE_LOOP_ANALYSIS = YES;
				CLANG_WARN_STRICT_PROTOTYPES = YES;
				CLANG_WARN_SUSPICIOUS_MOVE = YES;
				CLANG_WARN_UNGUARDED_AVAILABILITY = YES_AGGRESSIVE;
				CLANG_WARN_UNREACHABLE_CODE = YES;
				CLANG_WARN__DUPLICATE_METHOD_MATCH = YES;
				CODE_SIGN_IDENTITY = "iPhone Developer";
				COPY_PHASE_STRIP = NO;
				DEBUG_INFORMATION_FORMAT = dwarf;
				ENABLE_STRICT_OBJC_MSGSEND = YES;
				ENABLE_TESTABILITY = YES;
				GCC_C_LANGUAGE_STANDARD = gnu11;
				GCC_DYNAMIC_NO_PIC = NO;
				GCC_NO_COMMON_BLOCKS = YES;
				GCC_OPTIMIZATION_LEVEL = 0;
				GCC_PREPROCESSOR_DEFINITIONS = (
					"DEBUG=1",
					"$(inherited)",
				);
				GCC_WARN_64_TO_32_BIT_CONVERSION = YES;
				GCC_WARN_ABOUT_RETURN_TYPE = YES_ERROR;
				GCC_WARN_UNDECLARED_SELECTOR = YES;
				GCC_WARN_UNINITIALIZED_AUTOS = YES_AGGRESSIVE;
				GCC_WARN_UNUSED_FUNCTION = YES;
				GCC_WARN_UNUSED_VARIABLE = YES;
				IPHONEOS_DEPLOYMENT_TARGET = 11.2;
				MTL_ENABLE_DEBUG_INFO = YES;
				ONLY_ACTIVE_ARCH = YES;
				SDKROOT = iphoneos;
				SWIFT_ACTIVE_COMPILATION_CONDITIONS = DEBUG;
				SWIFT_OPTIMIZATION_LEVEL = "-Onone";
			};
			name = Debug;
		};
		02D305EA20913974002C0152 /* Release */ = {
			isa = XCBuildConfiguration;
			buildSettings = {
				ALWAYS_SEARCH_USER_PATHS = NO;
				CLANG_ANALYZER_NONNULL = YES;
				CLANG_ANALYZER_NUMBER_OBJECT_CONVERSION = YES_AGGRESSIVE;
				CLANG_CXX_LANGUAGE_STANDARD = "gnu++14";
				CLANG_CXX_LIBRARY = "libc++";
				CLANG_ENABLE_MODULES = YES;
				CLANG_ENABLE_OBJC_ARC = YES;
				CLANG_WARN_BLOCK_CAPTURE_AUTORELEASING = YES;
				CLANG_WARN_BOOL_CONVERSION = YES;
				CLANG_WARN_COMMA = YES;
				CLANG_WARN_CONSTANT_CONVERSION = YES;
				CLANG_WARN_DIRECT_OBJC_ISA_USAGE = YES_ERROR;
				CLANG_WARN_DOCUMENTATION_COMMENTS = YES;
				CLANG_WARN_EMPTY_BODY = YES;
				CLANG_WARN_ENUM_CONVERSION = YES;
				CLANG_WARN_INFINITE_RECURSION = YES;
				CLANG_WARN_INT_CONVERSION = YES;
				CLANG_WARN_NON_LITERAL_NULL_CONVERSION = YES;
				CLANG_WARN_OBJC_LITERAL_CONVERSION = YES;
				CLANG_WARN_OBJC_ROOT_CLASS = YES_ERROR;
				CLANG_WARN_RANGE_LOOP_ANALYSIS = YES;
				CLANG_WARN_STRICT_PROTOTYPES = YES;
				CLANG_WARN_SUSPICIOUS_MOVE = YES;
				CLANG_WARN_UNGUARDED_AVAILABILITY = YES_AGGRESSIVE;
				CLANG_WARN_UNREACHABLE_CODE = YES;
				CLANG_WARN__DUPLICATE_METHOD_MATCH = YES;
				CODE_SIGN_IDENTITY = "iPhone Developer";
				COPY_PHASE_STRIP = NO;
				DEBUG_INFORMATION_FORMAT = "dwarf-with-dsym";
				ENABLE_NS_ASSERTIONS = NO;
				ENABLE_STRICT_OBJC_MSGSEND = YES;
				GCC_C_LANGUAGE_STANDARD = gnu11;
				GCC_NO_COMMON_BLOCKS = YES;
				GCC_WARN_64_TO_32_BIT_CONVERSION = YES;
				GCC_WARN_ABOUT_RETURN_TYPE = YES_ERROR;
				GCC_WARN_UNDECLARED_SELECTOR = YES;
				GCC_WARN_UNINITIALIZED_AUTOS = YES_AGGRESSIVE;
				GCC_WARN_UNUSED_FUNCTION = YES;
				GCC_WARN_UNUSED_VARIABLE = YES;
				IPHONEOS_DEPLOYMENT_TARGET = 11.2;
				MTL_ENABLE_DEBUG_INFO = NO;
				SDKROOT = iphoneos;
				SWIFT_OPTIMIZATION_LEVEL = "-Owholemodule";
				VALIDATE_PRODUCT = YES;
			};
			name = Release;
		};
		02D305EC20913974002C0152 /* Debug */ = {
			isa = XCBuildConfiguration;
			baseConfigurationReference = 99F41551DD130EDC142F618D /* Pods-guya.debug.xcconfig */;
			buildSettings = {
				ASSETCATALOG_COMPILER_APPICON_NAME = AppIcon;
				CLANG_ENABLE_MODULES = YES;
				CODE_SIGN_STYLE = Automatic;
				DEVELOPMENT_TEAM = F43VS33VC5;
				INFOPLIST_FILE = guya/Info.plist;
				LD_RUNPATH_SEARCH_PATHS = "$(inherited) @executable_path/Frameworks";
				PRODUCT_BUNDLE_IDENTIFIER = com.tezel.guya;
				PRODUCT_NAME = "$(TARGET_NAME)";
				SWIFT_OPTIMIZATION_LEVEL = "-Onone";
				SWIFT_VERSION = 4.0;
				TARGETED_DEVICE_FAMILY = 1;
			};
			name = Debug;
		};
		02D305ED20913974002C0152 /* Release */ = {
			isa = XCBuildConfiguration;
			baseConfigurationReference = BEF55B1802EA6AD225B30E1A /* Pods-guya.release.xcconfig */;
			buildSettings = {
				ASSETCATALOG_COMPILER_APPICON_NAME = AppIcon;
				CLANG_ENABLE_MODULES = YES;
				CODE_SIGN_STYLE = Automatic;
				DEVELOPMENT_TEAM = F43VS33VC5;
				INFOPLIST_FILE = guya/Info.plist;
				LD_RUNPATH_SEARCH_PATHS = "$(inherited) @executable_path/Frameworks";
				PRODUCT_BUNDLE_IDENTIFIER = com.tezel.guya;
				PRODUCT_NAME = "$(TARGET_NAME)";
				SWIFT_VERSION = 4.0;
				TARGETED_DEVICE_FAMILY = 1;
			};
			name = Release;
		};
/* End XCBuildConfiguration section */

/* Begin XCConfigurationList section */
		02D305D420913973002C0152 /* Build configuration list for PBXProject "guya" */ = {
			isa = XCConfigurationList;
			buildConfigurations = (
				02D305E920913974002C0152 /* Debug */,
				02D305EA20913974002C0152 /* Release */,
			);
			defaultConfigurationIsVisible = 0;
			defaultConfigurationName = Release;
		};
		02D305EB20913974002C0152 /* Build configuration list for PBXNativeTarget "guya" */ = {
			isa = XCConfigurationList;
			buildConfigurations = (
				02D305EC20913974002C0152 /* Debug */,
				02D305ED20913974002C0152 /* Release */,
			);
			defaultConfigurationIsVisible = 0;
			defaultConfigurationName = Release;
		};
/* End XCConfigurationList section */
	};
	rootObject = 02D305D120913973002C0152 /* Project object */;
}
